
Microsoft Visual Studio Solution File, Format Version 12.00
# Visual Studio Version 17
VisualStudioVersion = 17.8.34322.80
MinimumVisualStudioVersion = 10.0.40219.1
Project("{2150E333-8FDC-42A3-9474-1A3956D46DE8}") = "src", "src", "{926B4BED-879F-4C4B-B4A0-D43A4AAB318B}"
EndProject
Project("{2150E333-8FDC-42A3-9474-1A3956D46DE8}") = "Api", "Api", "{F9F77302-FAC9-41A4-AF1D-FDB74EFB688E}"
EndProject
Project("{2150E333-8FDC-42A3-9474-1A3956D46DE8}") = "Core", "Core", "{700A97B4-5F99-4588-B0C3-B4A494731185}"
EndProject
Project("{2150E333-8FDC-42A3-9474-1A3956D46DE8}") = "Infrastructure", "Infrastructure", "{616DFE5F-4DB5-4AC2-A42D-B87763C24EFD}"
EndProject
Project("{2150E333-8FDC-42A3-9474-1A3956D46DE8}") = "WebApi", "WebApi", "{44948B52-A8FC-44C8-AF9B-280345434949}"
EndProject
Project("{2150E333-8FDC-42A3-9474-1A3956D46DE8}") = "Common", "Common", "{60BFAF99-A85E-4EE6-9CC0-4784374BDC7A}"
EndProject
Project("{2150E333-8FDC-42A3-9474-1A3956D46DE8}") = "Projections", "Projections", "{831571DB-C835-420F-B6C7-DCEED55D98A3}"
EndProject
Project("{2150E333-8FDC-42A3-9474-1A3956D46DE8}") = "Clients", "Clients", "{C48E3F7E-7991-4377-8C4A-AAE95AA63E48}"
EndProject
Project("{9A19103F-16F7-4668-BE54-9A1E7A4F7556}") = "Application", "src\Api\Core\Application\Application.csproj", "{64AB731E-44FA-4903-8689-3E1D3E6023FD}"
EndProject
Project("{9A19103F-16F7-4668-BE54-9A1E7A4F7556}") = "Domain", "src\Api\Core\Domain\Domain.csproj", "{0B2D9F8D-F829-497E-A119-92A374D399ED}"
EndProject
Project("{9A19103F-16F7-4668-BE54-9A1E7A4F7556}") = "Persistence", "src\Api\Infrastructure\Persistence\Persistence.csproj", "{7690EBA6-40C6-4A20-B82A-022E0E3AAB36}"
EndProject
Project("{9A19103F-16F7-4668-BE54-9A1E7A4F7556}") = "API", "src\Api\WebApi\API\API.csproj", "{154AE0F4-0698-4BB2-A57D-933FE4733A89}"
EndProject
Project("{9A19103F-16F7-4668-BE54-9A1E7A4F7556}") = "Common", "src\Common\Common\Common.csproj", "{5CCBFD4E-9668-43A3-99B9-1B225577444D}"
EndProject
Project("{9A19103F-16F7-4668-BE54-9A1E7A4F7556}") = "FavoriteService", "src\Projections\FavoriteService\FavoriteService.csproj", "{7BCD8A17-F35A-465C-8571-CCE7C5C2E8C2}"
EndProject
Project("{9A19103F-16F7-4668-BE54-9A1E7A4F7556}") = "VoteService", "src\Projections\VoteService\VoteService.csproj", "{5D2D5FFD-FAD7-41AB-81C1-E4969810C27F}"
EndProject
Project("{FAE04EC0-301F-11D3-BF4B-00C04F79EFBC}") = "UserService", "src\Projections\UserService\UserService.csproj", "{86B107DA-894E-4867-9E41-BA750D92A65C}"
EndProject
Global
	GlobalSection(SolutionConfigurationPlatforms) = preSolution
		Debug|Any CPU = Debug|Any CPU
		Release|Any CPU = Release|Any CPU
	EndGlobalSection
	GlobalSection(ProjectConfigurationPlatforms) = postSolution
		{64AB731E-44FA-4903-8689-3E1D3E6023FD}.Debug|Any CPU.ActiveCfg = Debug|Any CPU
		{64AB731E-44FA-4903-8689-3E1D3E6023FD}.Debug|Any CPU.Build.0 = Debug|Any CPU
		{64AB731E-44FA-4903-8689-3E1D3E6023FD}.Release|Any CPU.ActiveCfg = Release|Any CPU
		{64AB731E-44FA-4903-8689-3E1D3E6023FD}.Release|Any CPU.Build.0 = Release|Any CPU
		{0B2D9F8D-F829-497E-A119-92A374D399ED}.Debug|Any CPU.ActiveCfg = Debug|Any CPU
		{0B2D9F8D-F829-497E-A119-92A374D399ED}.Debug|Any CPU.Build.0 = Debug|Any CPU
		{0B2D9F8D-F829-497E-A119-92A374D399ED}.Release|Any CPU.ActiveCfg = Release|Any CPU
		{0B2D9F8D-F829-497E-A119-92A374D399ED}.Release|Any CPU.Build.0 = Release|Any CPU
		{7690EBA6-40C6-4A20-B82A-022E0E3AAB36}.Debug|Any CPU.ActiveCfg = Debug|Any CPU
		{7690EBA6-40C6-4A20-B82A-022E0E3AAB36}.Debug|Any CPU.Build.0 = Debug|Any CPU
		{7690EBA6-40C6-4A20-B82A-022E0E3AAB36}.Release|Any CPU.ActiveCfg = Release|Any CPU
		{7690EBA6-40C6-4A20-B82A-022E0E3AAB36}.Release|Any CPU.Build.0 = Release|Any CPU
		{154AE0F4-0698-4BB2-A57D-933FE4733A89}.Debug|Any CPU.ActiveCfg = Debug|Any CPU
		{154AE0F4-0698-4BB2-A57D-933FE4733A89}.Debug|Any CPU.Build.0 = Debug|Any CPU
		{154AE0F4-0698-4BB2-A57D-933FE4733A89}.Release|Any CPU.ActiveCfg = Release|Any CPU
		{154AE0F4-0698-4BB2-A57D-933FE4733A89}.Release|Any CPU.Build.0 = Release|Any CPU
		{5CCBFD4E-9668-43A3-99B9-1B225577444D}.Debug|Any CPU.ActiveCfg = Debug|Any CPU
		{5CCBFD4E-9668-43A3-99B9-1B225577444D}.Debug|Any CPU.Build.0 = Debug|Any CPU
		{5CCBFD4E-9668-43A3-99B9-1B225577444D}.Release|Any CPU.ActiveCfg = Release|Any CPU
		{5CCBFD4E-9668-43A3-99B9-1B225577444D}.Release|Any CPU.Build.0 = Release|Any CPU
		{7BCD8A17-F35A-465C-8571-CCE7C5C2E8C2}.Debug|Any CPU.ActiveCfg = Debug|Any CPU
		{7BCD8A17-F35A-465C-8571-CCE7C5C2E8C2}.Debug|Any CPU.Build.0 = Debug|Any CPU
		{7BCD8A17-F35A-465C-8571-CCE7C5C2E8C2}.Release|Any CPU.ActiveCfg = Release|Any CPU
		{7BCD8A17-F35A-465C-8571-CCE7C5C2E8C2}.Release|Any CPU.Build.0 = Release|Any CPU
		{5D2D5FFD-FAD7-41AB-81C1-E4969810C27F}.Debug|Any CPU.ActiveCfg = Debug|Any CPU
		{5D2D5FFD-FAD7-41AB-81C1-E4969810C27F}.Debug|Any CPU.Build.0 = Debug|Any CPU
		{5D2D5FFD-FAD7-41AB-81C1-E4969810C27F}.Release|Any CPU.ActiveCfg = Release|Any CPU
		{5D2D5FFD-FAD7-41AB-81C1-E4969810C27F}.Release|Any CPU.Build.0 = Release|Any CPU
		{86B107DA-894E-4867-9E41-BA750D92A65C}.Debug|Any CPU.ActiveCfg = Debug|Any CPU
		{86B107DA-894E-4867-9E41-BA750D92A65C}.Debug|Any CPU.Build.0 = Debug|Any CPU
		{86B107DA-894E-4867-9E41-BA750D92A65C}.Release|Any CPU.ActiveCfg = Release|Any CPU
		{86B107DA-894E-4867-9E41-BA750D92A65C}.Release|Any CPU.Build.0 = Release|Any CPU
	EndGlobalSection
	GlobalSection(SolutionProperties) = preSolution
		HideSolutionNode = FALSE
	EndGlobalSection
	GlobalSection(NestedProjects) = preSolution
		{F9F77302-FAC9-41A4-AF1D-FDB74EFB688E} = {926B4BED-879F-4C4B-B4A0-D43A4AAB318B}
		{700A97B4-5F99-4588-B0C3-B4A494731185} = {F9F77302-FAC9-41A4-AF1D-FDB74EFB688E}
		{616DFE5F-4DB5-4AC2-A42D-B87763C24EFD} = {F9F77302-FAC9-41A4-AF1D-FDB74EFB688E}
		{44948B52-A8FC-44C8-AF9B-280345434949} = {F9F77302-FAC9-41A4-AF1D-FDB74EFB688E}
		{60BFAF99-A85E-4EE6-9CC0-4784374BDC7A} = {926B4BED-879F-4C4B-B4A0-D43A4AAB318B}
		{831571DB-C835-420F-B6C7-DCEED55D98A3} = {926B4BED-879F-4C4B-B4A0-D43A4AAB318B}
		{C48E3F7E-7991-4377-8C4A-AAE95AA63E48} = {926B4BED-879F-4C4B-B4A0-D43A4AAB318B}
		{64AB731E-44FA-4903-8689-3E1D3E6023FD} = {700A97B4-5F99-4588-B0C3-B4A494731185}
		{0B2D9F8D-F829-497E-A119-92A374D399ED} = {700A97B4-5F99-4588-B0C3-B4A494731185}
		{7690EBA6-40C6-4A20-B82A-022E0E3AAB36} = {616DFE5F-4DB5-4AC2-A42D-B87763C24EFD}
		{154AE0F4-0698-4BB2-A57D-933FE4733A89} = {44948B52-A8FC-44C8-AF9B-280345434949}
		{5CCBFD4E-9668-43A3-99B9-1B225577444D} = {60BFAF99-A85E-4EE6-9CC0-4784374BDC7A}
		{7BCD8A17-F35A-465C-8571-CCE7C5C2E8C2} = {831571DB-C835-420F-B6C7-DCEED55D98A3}
		{5D2D5FFD-FAD7-41AB-81C1-E4969810C27F} = {831571DB-C835-420F-B6C7-DCEED55D98A3}
		{86B107DA-894E-4867-9E41-BA750D92A65C} = {831571DB-C835-420F-B6C7-DCEED55D98A3}
	EndGlobalSection
	GlobalSection(ExtensibilityGlobals) = postSolution
		SolutionGuid = {C577F948-889B-4F2D-9651-7EC03ED27882}
	EndGlobalSection
EndGlobal
